<?xml version="1.0" encoding="utf-8"?>
<Project ToolsVersion="4.0" xmlns="http://schemas.microsoft.com/developer/msbuild/2003">
  <ItemGroup>
    <Filter Include="Source Files">
      <UniqueIdentifier>{4FC737F1-C7A5-4376-A066-2A32D752A2FF}</UniqueIdentifier>
      <Extensions>cpp;c;cc;cxx;def;odl;idl;hpj;bat;asm;asmx</Extensions>
    </Filter>
    <Filter Include="Header Files">
      <UniqueIdentifier>{93995380-89BD-4b04-88EB-625FBE52EBFB}</UniqueIdentifier>
      <Extensions>h;hh;hpp;hxx;hm;inl;inc;ipp;xsd</Extensions>
    </Filter>
    <Filter Include="Resource Files">
      <UniqueIdentifier>{67DA6AB6-F800-4c08-8B7A-83BB121AAD01}</UniqueIdentifier>
      <Extensions>rc;ico;cur;bmp;dlg;rc2;rct;bin;rgs;gif;jpg;jpeg;jpe;resx;tiff;tif;png;wav;mfcribbon-ms</Extensions>
    </Filter>
    <Filter Include="Source Files\Shaders">
      <UniqueIdentifier>{47e4355f-f4e1-4ac5-a1f2-7b1d676fa783}</UniqueIdentifier>
    </Filter>
  </ItemGroup>
  <ItemGroup>
    <ClCompile Include="engine.cpp">
      <Filter>Source Files</Filter>
    </ClCompile>
    <ClCompile Include="glad.c">
      <Filter>Source Files</Filter>
    </ClCompile>
    <ClCompile Include="TextureManager.cpp">
      <Filter>Source Files</Filter>
    </ClCompile>
    <ClCompile Include="Mesh.cpp">
      <Filter>Source Files</Filter>
    </ClCompile>
    <ClCompile Include="Game.cpp">
      <Filter>Source Files</Filter>
    </ClCompile>
    <ClCompile Include="Object.cpp">
      <Filter>Source Files</Filter>
    </ClCompile>
    <ClCompile Include="Hero.cpp">
      <Filter>Source Files</Filter>
    </ClCompile>
    <ClCompile Include="Background.cpp">
      <Filter>Source Files</Filter>
    </ClCompile>
    <ClCompile Include="Model.cpp">
      <Filter>Source Files</Filter>
    </ClCompile>
    <ClCompile Include="Shader.cpp">
      <Filter>Source Files</Filter>
    </ClCompile>
    <ClCompile Include="debugDrawer.cpp">
      <Filter>Source Files</Filter>
    </ClCompile>
    <ClCompile Include="PhysicsObject.cpp">
      <Filter>Source Files</Filter>
    </ClCompile>
    <ClCompile Include="GraphicsObject.cpp">
      <Filter>Source Files</Filter>
    </ClCompile>
    <ClCompile Include="Font.cpp">
      <Filter>Source Files</Filter>
    </ClCompile>
    <ClCompile Include="AnimatedGraphicsObject.cpp">
      <Filter>Source Files</Filter>
    </ClCompile>
    <ClCompile Include="LeverObject.cpp">
      <Filter>Source Files</Filter>
    </ClCompile>
    <ClCompile Include="DoorObject.cpp">
      <Filter>Source Files</Filter>
    </ClCompile>
    <ClCompile Include="PressurePlateObject.cpp">
      <Filter>Source Files</Filter>
    </ClCompile>
    <ClCompile Include="LightObject.cpp">
      <Filter>Source Files</Filter>
    </ClCompile>
    <ClCompile Include="ChestObject.cpp">
      <Filter>Source Files</Filter>
    </ClCompile>
    <ClCompile Include="MultiplayerLevelObject.cpp">
      <Filter>Source Files</Filter>
    </ClCompile>
    <ClCompile Include="DiamondObject.cpp">
      <Filter>Source Files</Filter>
    </ClCompile>
    <ClCompile Include="SingleplayerLevelObject.cpp">
      <Filter>Source Files</Filter>
    </ClCompile>
    <ClCompile Include="LevelObject.cpp">
      <Filter>Source Files</Filter>
    </ClCompile>
  </ItemGroup>
  <ItemGroup>
    <ClInclude Include="TextureManager.h">
      <Filter>Header Files</Filter>
    </ClInclude>
    <ClInclude Include="stb_image.h">
      <Filter>Header Files</Filter>
    </ClInclude>
    <ClInclude Include="Camera.h">
      <Filter>Header Files</Filter>
    </ClInclude>
    <ClInclude Include="Material.h">
      <Filter>Header Files</Filter>
    </ClInclude>
    <ClInclude Include="Mesh.h">
      <Filter>Header Files</Filter>
    </ClInclude>
    <ClInclude Include="Object.h">
      <Filter>Header Files</Filter>
    </ClInclude>
    <ClInclude Include="Game.h">
      <Filter>Header Files</Filter>
    </ClInclude>
    <ClInclude Include="Hero.h">
      <Filter>Header Files</Filter>
    </ClInclude>
    <ClInclude Include="Background.h">
      <Filter>Header Files</Filter>
    </ClInclude>
    <ClInclude Include="Shader.h">
      <Filter>Header Files</Filter>
    </ClInclude>
    <ClInclude Include="Model.h">
      <Filter>Header Files</Filter>
    </ClInclude>
    <ClInclude Include="debugDrawer.h">
      <Filter>Header Files</Filter>
    </ClInclude>
    <ClInclude Include="PhysicsObject.h">
      <Filter>Header Files</Filter>
    </ClInclude>
    <ClInclude Include="GraphicsObject.h">
      <Filter>Header Files</Filter>
    </ClInclude>
    <ClInclude Include="Font.h">
      <Filter>Header Files</Filter>
    </ClInclude>
    <ClInclude Include="UIElement.h">
      <Filter>Header Files</Filter>
    </ClInclude>
    <ClInclude Include="UIText.h">
      <Filter>Header Files</Filter>
    </ClInclude>
    <ClInclude Include="AnimatedGraphicsObject.h">
      <Filter>Header Files</Filter>
    </ClInclude>
    <ClInclude Include="LeverObject.h">
      <Filter>Header Files</Filter>
    </ClInclude>
    <ClInclude Include="DoorObject.h">
      <Filter>Header Files</Filter>
    </ClInclude>
    <ClInclude Include="PressurePlateObject.h">
      <Filter>Header Files</Filter>
    </ClInclude>
    <ClInclude Include="LightObject.h">
      <Filter>Header Files</Filter>
    </ClInclude>
    <ClInclude Include="ChestObject.h">
      <Filter>Header Files</Filter>
    </ClInclude>
    <ClInclude Include="MultiplayerLevelObject.h">
      <Filter>Header Files</Filter>
    </ClInclude>
    <ClInclude Include="DiamondObject.h">
      <Filter>Header Files</Filter>
    </ClInclude>
    <ClInclude Include="SingleplayerLevelObject.h">
      <Filter>Header Files</Filter>
    </ClInclude>
    <ClInclude Include="LevelObject.h">
      <Filter>Header Files</Filter>
    </ClInclude>
  </ItemGroup>
  <ItemGroup>
    <None Include="Shaders\background.frag">
      <Filter>Source Files\Shaders</Filter>
    </None>
    <None Include="Shaders\light.frag">
      <Filter>Source Files\Shaders</Filter>
    </None>
    <None Include="Shaders\object.frag">
      <Filter>Source Files\Shaders</Filter>
    </None>
    <None Include="Shaders\background.vert">
      <Filter>Source Files\Shaders</Filter>
    </None>
    <None Include="Shaders\light.vert">
      <Filter>Source Files\Shaders</Filter>
    </None>
    <None Include="Shaders\object.vert">
      <Filter>Source Files\Shaders</Filter>
    </None>
    <None Include="Shaders\collisionBoxes.frag">
      <Filter>Source Files\Shaders</Filter>
    </None>
    <None Include="Shaders\collisionBoxes.vert">
      <Filter>Source Files\Shaders</Filter>
    </None>
    <None Include="Shaders\Glyph.frag">
      <Filter>Source Files\Shaders</Filter>
    </None>
    <None Include="Shaders\Glyph.vert">
      <Filter>Source Files\Shaders</Filter>
    </None>
    <None Include="Shaders\object2.frag">
      <Filter>Source Files\Shaders</Filter>
    </None>
    <None Include="Shaders\object2.vert">
      <Filter>Source Files\Shaders</Filter>
    </None>
  </ItemGroup>
</Project>